
Microsoft Visual Studio Solution File, Format Version 12.00
# Visual Studio Version 17
VisualStudioVersion = 17.7.34202.233
MinimumVisualStudioVersion = 10.0.40219.1
Project("{9A19103F-16F7-4668-BE54-9A1E7A4F7556}") = "CatHotelAPI.API", "CatHotelAPI.API\CatHotelAPI.API.csproj", "{1FCA11CE-F16A-43A7-AECA-F0A35E68A211}"
EndProject
Global
	GlobalSection(SolutionConfigurationPlatforms) = preSolution
		Debug|Any CPU = Debug|Any CPU
		Release|Any CPU = Release|Any CPU
	EndGlobalSection
	GlobalSection(ProjectConfigurationPlatforms) = postSolution
		{1FCA11CE-F16A-43A7-AECA-F0A35E68A211}.Debug|Any CPU.ActiveCfg = Debug|Any CPU
		{1FCA11CE-F16A-43A7-AECA-F0A35E68A211}.Debug|Any CPU.Build.0 = Debug|Any CPU
		{1FCA11CE-F16A-43A7-AECA-F0A35E68A211}.Release|Any CPU.ActiveCfg = Release|Any CPU
		{1FCA11CE-F16A-43A7-AECA-F0A35E68A211}.Release|Any CPU.Build.0 = Release|Any CPU
	EndGlobalSection
	GlobalSection(SolutionProperties) = preSolution
		HideSolutionNode = FALSE
	EndGlobalSection
	GlobalSection(ExtensibilityGlobals) = postSolution
		SolutionGuid = {8B81D06E-9F7F-40BA-B286-DB95FEE20B6C}
	EndGlobalSection
EndGlobal
