
Microsoft Visual Studio Solution File, Format Version 12.00
# Visual Studio Version 17
VisualStudioVersion = 17.7.34202.233
MinimumVisualStudioVersion = 10.0.40219.1
Project("{FAE04EC0-301F-11D3-BF4B-00C04F79EFBC}") = "CatHotelAPI.API", "WebApplication1\CatHotelAPI.API.csproj", "{012D176B-70B1-4823-AA39-E773C9903B62}"
EndProject
Global
	GlobalSection(SolutionConfigurationPlatforms) = preSolution
		Debug|Any CPU = Debug|Any CPU
		Release|Any CPU = Release|Any CPU
	EndGlobalSection
	GlobalSection(ProjectConfigurationPlatforms) = postSolution
		{012D176B-70B1-4823-AA39-E773C9903B62}.Debug|Any CPU.ActiveCfg = Debug|Any CPU
		{012D176B-70B1-4823-AA39-E773C9903B62}.Debug|Any CPU.Build.0 = Debug|Any CPU
		{012D176B-70B1-4823-AA39-E773C9903B62}.Release|Any CPU.ActiveCfg = Release|Any CPU
		{012D176B-70B1-4823-AA39-E773C9903B62}.Release|Any CPU.Build.0 = Release|Any CPU
	EndGlobalSection
	GlobalSection(SolutionProperties) = preSolution
		HideSolutionNode = FALSE
	EndGlobalSection
	GlobalSection(ExtensibilityGlobals) = postSolution
		SolutionGuid = {8B81D06E-9F7F-40BA-B286-DB95FEE20B6C}
	EndGlobalSection
EndGlobal
